{
  "version": 4,
  "terraform_version": "1.4.4",
  "serial": 31,
  "lineage": "02b8266b-bbaa-370b-c091-22b99c7453d8",
  "outputs": {},
  "resources": [
    {
      "mode": "data",
      "type": "google_project",
      "name": "project",
      "provider": "provider[\"registry.terraform.io/hashicorp/google\"]",
      "instances": [
        {
          "schema_version": 0,
          "attributes": {
            "auto_create_network": null,
            "billing_account": "016303-64DDF1-3FC83B",
            "folder_id": "",
            "id": "projects/feisty-nectar-266610",
            "labels": {},
            "name": "My First Project",
            "number": "194961032727",
            "org_id": "1097138753163",
            "project_id": "feisty-nectar-266610",
            "skip_delete": null
          },
          "sensitive_attributes": []
        }
      ]
    },
    {
      "mode": "managed",
      "type": "google_artifact_registry_repository",
      "name": "zero_to_hero_ci_artifactory",
      "provider": "provider[\"registry.terraform.io/hashicorp/google\"]",
      "instances": [
        {
          "schema_version": 0,
          "attributes": {
            "create_time": "2023-04-06T20:09:34.021327Z",
            "description": "",
            "format": "DOCKER",
            "id": "projects/feisty-nectar-266610/locations/europe-west2/repositories/zero-to-hero-registry",
            "kms_key_name": "",
            "labels": {},
            "location": "europe-west2",
            "maven_config": [],
            "name": "zero-to-hero-registry",
            "project": "feisty-nectar-266610",
            "repository_id": "zero-to-hero-registry",
            "timeouts": null,
            "update_time": "2023-04-06T20:09:34.021327Z"
          },
          "sensitive_attributes": [],
          "private": "eyJlMmJmYjczMC1lY2FhLTExZTYtOGY4OC0zNDM2M2JjN2M0YzAiOnsiY3JlYXRlIjoxMjAwMDAwMDAwMDAwLCJkZWxldGUiOjEyMDAwMDAwMDAwMDAsInVwZGF0ZSI6MTIwMDAwMDAwMDAwMH19"
        }
      ]
    },
    {
      "mode": "managed",
      "type": "google_cloudbuild_trigger",
      "name": "zero_to_hero_pipeline_trigger",
      "provider": "provider[\"registry.terraform.io/hashicorp/google\"]",
      "instances": [
        {
          "schema_version": 2,
          "attributes": {
            "approval_config": [
              {
                "approval_required": false
              }
            ],
            "bitbucket_server_trigger_config": [],
            "build": [],
            "create_time": "2023-04-06T20:09:34.319515623Z",
            "description": "gcloud build trigger for zero to hero repo",
            "disabled": false,
            "filename": "",
            "filter": "",
            "git_file_source": [
              {
                "github_enterprise_config": "",
                "path": "cloudbuild.yaml",
                "repo_type": "GITHUB",
                "revision": "refs/heads/main",
                "uri": "https://github.com/abhisheksr01/zero-2-hero-python-flask-microservice"
              }
            ],
            "github": [],
            "id": "projects/feisty-nectar-266610/locations/europe-west2/triggers/0a2290da-86ee-4905-a8d0-37f72db3bfc4",
            "ignored_files": [],
            "include_build_logs": "",
            "included_files": [],
            "location": "europe-west2",
            "name": "zero-to-hero-pipeline-trigger",
            "project": "feisty-nectar-266610",
            "pubsub_config": [],
            "service_account": "projects/feisty-nectar-266610/serviceAccounts/zero-to-hero-ci-sa@feisty-nectar-266610.iam.gserviceaccount.com",
            "source_to_build": [
              {
                "github_enterprise_config": "",
                "ref": "refs/heads/main",
                "repo_type": "GITHUB",
                "uri": "https://github.com/abhisheksr01/zero-2-hero-python-flask-microservice"
              }
            ],
            "substitutions": {},
            "tags": [
              "environment=dev",
              "owner=abhisheksr01",
              "provisioner=terraform"
            ],
            "timeouts": null,
            "trigger_id": "0a2290da-86ee-4905-a8d0-37f72db3bfc4",
            "trigger_template": [],
            "webhook_config": []
          },
          "sensitive_attributes": [],
          "private": "eyJlMmJmYjczMC1lY2FhLTExZTYtOGY4OC0zNDM2M2JjN2M0YzAiOnsiY3JlYXRlIjoxMjAwMDAwMDAwMDAwLCJkZWxldGUiOjEyMDAwMDAwMDAwMDAsInVwZGF0ZSI6MTIwMDAwMDAwMDAwMH0sInNjaGVtYV92ZXJzaW9uIjoiMiJ9",
          "dependencies": [
            "google_service_account.cloudbuild_service_account"
          ]
        }
      ]
    },
    {
      "mode": "managed",
      "type": "google_project_iam_member",
      "name": "act_as",
      "provider": "provider[\"registry.terraform.io/hashicorp/google\"]",
      "instances": [
        {
          "schema_version": 0,
          "attributes": {
            "condition": [],
            "etag": "BwX4sH0Bqes=",
            "id": "feisty-nectar-266610/roles/iam.serviceAccountUser/serviceAccount:zero-to-hero-ci-sa@feisty-nectar-266610.iam.gserviceaccount.com",
            "member": "serviceAccount:zero-to-hero-ci-sa@feisty-nectar-266610.iam.gserviceaccount.com",
            "project": "feisty-nectar-266610",
            "role": "roles/iam.serviceAccountUser"
          },
          "sensitive_attributes": [],
          "private": "bnVsbA==",
          "dependencies": [
            "data.google_project.project",
            "google_service_account.cloudbuild_service_account"
          ]
        }
      ]
    },
    {
      "mode": "managed",
      "type": "google_project_iam_member",
      "name": "cloudrun_admin",
      "provider": "provider[\"registry.terraform.io/hashicorp/google\"]",
      "instances": [
        {
          "schema_version": 0,
          "attributes": {
            "condition": [],
            "etag": "BwX4sH0Bqes=",
            "id": "feisty-nectar-266610/roles/run.admin/serviceAccount:zero-to-hero-ci-sa@feisty-nectar-266610.iam.gserviceaccount.com",
            "member": "serviceAccount:zero-to-hero-ci-sa@feisty-nectar-266610.iam.gserviceaccount.com",
            "project": "feisty-nectar-266610",
            "role": "roles/run.admin"
          },
          "sensitive_attributes": [],
          "private": "bnVsbA==",
          "dependencies": [
            "data.google_project.project",
            "google_service_account.cloudbuild_service_account"
          ]
        }
      ]
    },
    {
      "mode": "managed",
      "type": "google_project_iam_member",
      "name": "logs_writer",
      "provider": "provider[\"registry.terraform.io/hashicorp/google\"]",
      "instances": [
        {
          "schema_version": 0,
          "attributes": {
            "condition": [],
            "etag": "BwX4sH0Bqes=",
            "id": "feisty-nectar-266610/roles/logging.logWriter/serviceAccount:zero-to-hero-ci-sa@feisty-nectar-266610.iam.gserviceaccount.com",
            "member": "serviceAccount:zero-to-hero-ci-sa@feisty-nectar-266610.iam.gserviceaccount.com",
            "project": "feisty-nectar-266610",
            "role": "roles/logging.logWriter"
          },
          "sensitive_attributes": [],
          "private": "bnVsbA==",
          "dependencies": [
            "data.google_project.project",
            "google_service_account.cloudbuild_service_account"
          ]
        }
      ]
    },
    {
      "mode": "managed",
      "type": "google_project_iam_member",
      "name": "registry_admin",
      "provider": "provider[\"registry.terraform.io/hashicorp/google\"]",
      "instances": [
        {
          "schema_version": 0,
          "attributes": {
            "condition": [],
            "etag": "BwX4sH0Bqes=",
            "id": "feisty-nectar-266610/roles/artifactregistry.admin/serviceAccount:zero-to-hero-ci-sa@feisty-nectar-266610.iam.gserviceaccount.com",
            "member": "serviceAccount:zero-to-hero-ci-sa@feisty-nectar-266610.iam.gserviceaccount.com",
            "project": "feisty-nectar-266610",
            "role": "roles/artifactregistry.admin"
          },
          "sensitive_attributes": [],
          "private": "bnVsbA==",
          "dependencies": [
            "data.google_project.project",
            "google_service_account.cloudbuild_service_account"
          ]
        }
      ]
    },
    {
      "mode": "managed",
      "type": "google_service_account",
      "name": "cloudbuild_service_account",
      "provider": "provider[\"registry.terraform.io/hashicorp/google\"]",
      "instances": [
        {
          "schema_version": 0,
          "attributes": {
            "account_id": "zero-to-hero-ci-sa",
            "description": "",
            "disabled": false,
            "display_name": "",
            "email": "zero-to-hero-ci-sa@feisty-nectar-266610.iam.gserviceaccount.com",
            "id": "projects/feisty-nectar-266610/serviceAccounts/zero-to-hero-ci-sa@feisty-nectar-266610.iam.gserviceaccount.com",
            "member": "serviceAccount:zero-to-hero-ci-sa@feisty-nectar-266610.iam.gserviceaccount.com",
            "name": "projects/feisty-nectar-266610/serviceAccounts/zero-to-hero-ci-sa@feisty-nectar-266610.iam.gserviceaccount.com",
            "project": "feisty-nectar-266610",
            "timeouts": null,
            "unique_id": "113652912210675018341"
          },
          "sensitive_attributes": [],
          "private": "eyJlMmJmYjczMC1lY2FhLTExZTYtOGY4OC0zNDM2M2JjN2M0YzAiOnsiY3JlYXRlIjozMDAwMDAwMDAwMDB9fQ=="
        }
      ]
    }
  ],
  "check_results": null
}
